github.com/aws/aws-sdk-go v1.19.1 h1:8kOP0/XGJwXIFlYoD1DAtA39cAjc15Iv/QiDMKitD9U=
github.com/aws/aws-sdk-go v1.19.1/go.mod h1:KmX6BPdI08NWTb3/sm4ZGu5ShLoqVDhKgpiN924inxo=
github.com/jmespath/go-jmespath v0.0.0-20180206201540-c2b33e8439af h1:pmfjZENx5imkbgOkpRUYLnmbU7UEFbjtDA2hxJ1ichM=
github.com/jmespath/go-jmespath v0.0.0-20180206201540-c2b33e8439af/go.mod h1:Nht3zPeWKUH0NzdCt2Blrr5ys8VGpn0CEB0cQHVjt7k=
github.com/mmmorris1975/simple-logger v0.3.2 h1:mdAIA9TP8PrABiZYr34W6w59JluivnW37UR+jotjvJU=
github.com/mmmorris1975/simple-logger v0.3.2/go.mod h1:or6zLAgsxJ9R30hrSwa2muJEfapfwWuTt1gxI3K7cUI=
